{
  "lockfileVersion": 1,
  "configVersion": 1,
  "workspaces": {
    "": {
      "name": "deepseek-orcana",
      "dependencies": {
        "@anthropic-ai/sdk": "^0.102.0",
        "@clack/prompts": "^1.5.1",
        "@inkjs/ui": "^2.0.0",
        "@json-render/core": "^0.19.0",
        "@json-render/ink": "^0.19.0",
        "chalk": "^5.4.0",
        "hono": "^4.12.25",
        "ink": "^7.0.6",
        "ink-select-input": "^6.2.0",
        "ink-spinner": "^5.0.0",
        "ink-text-input": "^6.0.0",
        "ora": "^8.2.0",
        "react": "^19.2.7",
        "react-ink-textarea": "^0.2.2",
        "string-width": "^8.2.1",
        "typescript": "^6.0.3",
        "undici": "^6",
      },
      "devDependencies": {
        "@types/bun": "latest",
        "@types/react": "^19.2.17",
      },
    },
  },
  "packages": {
    "@alcalzone/ansi-tokenize": ["@alcalzone/ansi-tokenize@0.3.0", "https://registry.npmmirror.com/@alcalzone/ansi-tokenize/-/ansi-tokenize-0.3.0.tgz", { "dependencies": { "ansi-styles": "^6.2.1", "is-fullwidth-code-point": "^5.0.0" } }, "sha512-p+CMKJ93HFmLkjXKlXiVGlMQEuRb6H0MokBSwUsX+S6BRX8eV5naFZpQJFfJHjRZY0Hmnqy1/r6UWl3x+19zYA=="],

    "@anthropic-ai/sdk": ["@anthropic-ai/sdk@0.102.0", "https://registry.npmmirror.com/@anthropic-ai/sdk/-/sdk-0.102.0.tgz", { "dependencies": { "json-schema-to-ts": "^3.1.1", "standardwebhooks": "^1.0.0" }, "peerDependencies": { "zod": "^3.25.0 || ^4.0.0" }, "optionalPeers": ["zod"], "bin": { "anthropic-ai-sdk": "bin/cli" } }, "sha512-cThh3KcPW3lzkFyTz1cjyhJvOVw45NkLMoowO2ZJ/76CBz44ADUon+NsjEc/PypAkARs72Xu8qxTnx6PAOTQUQ=="],

    "@babel/runtime": ["@babel/runtime@7.29.7", "https://registry.npmmirror.com/@babel/runtime/-/runtime-7.29.7.tgz", {}, "sha512-Nq8OhGWiZIZGV6hLHoyAKLLcJihP/xFeBMGJoUrxTX2psI8dCifzLhZISFb+VWS3wFMRDmCGw5R+dOySCqPLhw=="],

    "@clack/core": ["@clack/core@1.4.1", "https://registry.npmmirror.com/@clack/core/-/core-1.4.1.tgz", { "dependencies": { "fast-wrap-ansi": "^0.2.0", "sisteransi": "^1.0.5" } }, "sha512-FILJa1gGKEFTGZAJE9RpVhrjKz3c3h4ar60dSv6cGuDqufQ84YEIS3GAGvZiN+H6yaLbbvTFNejjCC4tXpZEuw=="],

    "@clack/prompts": ["@clack/prompts@1.5.1", "https://registry.npmmirror.com/@clack/prompts/-/prompts-1.5.1.tgz", { "dependencies": { "@clack/core": "1.4.1", "fast-string-width": "^3.0.2", "fast-wrap-ansi": "^0.2.0", "sisteransi": "^1.0.5" } }, "sha512-zccHj2z2oCCO4yrDiRSlFOxWerGqRiysP7a5jPK6uoI9URKAquwY42Dd/iUP8JWHxEzdRe4TlbvZCo8z1/mhrw=="],

    "@inkjs/ui": ["@inkjs/ui@2.0.0", "https://registry.npmmirror.com/@inkjs/ui/-/ui-2.0.0.tgz", { "dependencies": { "chalk": "^5.3.0", "cli-spinners": "^3.0.0", "deepmerge": "^4.3.1", "figures": "^6.1.0" }, "peerDependencies": { "ink": ">=5" } }, "sha512-5+8fJmwtF9UvikzLfph9sA+LS+l37Ij/szQltkuXLOAXwNkBX9innfzh4pLGXIB59vKEQUtc6D4qGvhD7h3pAg=="],

    "@json-render/core": ["@json-render/core@0.19.0", "https://registry.npmmirror.com/@json-render/core/-/core-0.19.0.tgz", { "dependencies": { "zod": "^4.3.6" } }, "sha512-vvcyZ+10EDZKbEyB1J2kXOGfDaiZR2LurZGSqi2r5STHyKr+Te85DWaBxTwRGgM7U1LtIvNx85BzzjElRKoAIg=="],

    "@json-render/ink": ["@json-render/ink@0.19.0", "https://registry.npmmirror.com/@json-render/ink/-/ink-0.19.0.tgz", { "dependencies": { "@json-render/core": "0.19.0", "marked": "^17.0.0" }, "peerDependencies": { "ink": "^6.0.0", "react": "^19.0.0" } }, "sha512-RPS321EW4MVKBnD6Y531h4lzXnYN+fj4nxfEcmFkJiLGxoZAr9PYOrotgwNzNIcsIyvNaZcgHGvYf7EhhGWDtw=="],

    "@stablelib/base64": ["@stablelib/base64@1.0.1", "https://registry.npmmirror.com/@stablelib/base64/-/base64-1.0.1.tgz", {}, "sha512-1bnPQqSxSuc3Ii6MhBysoWCg58j97aUjuCSZrGSmDxNqtytIi0k8utUenAwTZN4V5mXXYGsVUI9zeBqy+jBOSQ=="],

    "@types/bun": ["@types/bun@1.3.14", "https://registry.npmmirror.com/@types/bun/-/bun-1.3.14.tgz", { "dependencies": { "bun-types": "1.3.14" } }, "sha512-h1hFqFVcvAvD9j9K7ZW7vd82aSA+rTdznZa+5bwvCwqSB1jmmfLcbIWhOLx1/+boy/xmjgCs/OMUL8hRJSmnPw=="],

    "@types/node": ["@types/node@25.9.2", "https://registry.npmmirror.com/@types/node/-/node-25.9.2.tgz", { "dependencies": { "undici-types": ">=7.24.0 <7.24.7" } }, "sha512-G05zqtJhcDLb8uslf5EjCxXg9G1KQxiV8OS0R26IC//Eoyitzqe8z37I7cqvnZlrlSfgocQRfSn/AHBZJJFyGw=="],

    "@types/react": ["@types/react@19.2.17", "https://registry.npmmirror.com/@types/react/-/react-19.2.17.tgz", { "dependencies": { "csstype": "^3.2.2" } }, "sha512-MXfmqaVPEVgkBT/aY0aGCkRWWtByiYQXo3xdQ8r5RzuFrPiRn8Gar2tQdXSUQ2GKV3bkXckek89V8wQBY2Q/Aw=="],

    "ansi-escapes": ["ansi-escapes@7.3.0", "https://registry.npmmirror.com/ansi-escapes/-/ansi-escapes-7.3.0.tgz", { "dependencies": { "environment": "^1.0.0" } }, "sha512-BvU8nYgGQBxcmMuEeUEmNTvrMVjJNSH7RgW24vXexN4Ven6qCvy4TntnvlnwnMLTVlcRQQdbRY8NKnaIoeWDNg=="],

    "ansi-regex": ["ansi-regex@6.2.2", "https://registry.npmmirror.com/ansi-regex/-/ansi-regex-6.2.2.tgz", {}, "sha512-Bq3SmSpyFHaWjPk8If9yc6svM8c56dB5BAtW4Qbw5jHTwwXXcTLoRMkpDJp6VL0XzlWaCHTXrkFURMYmD0sLqg=="],

    "ansi-styles": ["ansi-styles@6.2.3", "https://registry.npmmirror.com/ansi-styles/-/ansi-styles-6.2.3.tgz", {}, "sha512-4Dj6M28JB+oAH8kFkTLUo+a2jwOFkuqb3yucU0CANcRRUbxS0cP0nZYCGjcc3BNXwRIsUVmDGgzawme7zvJHvg=="],

    "auto-bind": ["auto-bind@5.0.1", "https://registry.npmmirror.com/auto-bind/-/auto-bind-5.0.1.tgz", {}, "sha512-ooviqdwwgfIfNmDwo94wlshcdzfO64XV0Cg6oDsDYBJfITDz1EngD2z7DkbvCWn+XIMsIqW27sEVF6qcpJrRcg=="],

    "bun-types": ["bun-types@1.3.14", "https://registry.npmmirror.com/bun-types/-/bun-types-1.3.14.tgz", { "dependencies": { "@types/node": "*" } }, "sha512-4N0ig0fEomHt5R0KCFWjovxow98rIoRwKolrYdCcknNwMekCXRnWEUvgu5soYV8QXtVsrUD8B95MBOZGPvr6KQ=="],

    "chalk": ["chalk@5.6.2", "https://registry.npmmirror.com/chalk/-/chalk-5.6.2.tgz", {}, "sha512-7NzBL0rN6fMUW+f7A6Io4h40qQlG+xGmtMxfbnH/K7TAtt8JQWVQK+6g0UXKMeVJoyV5EkkNsErQ8pVD3bLHbA=="],

    "cli-boxes": ["cli-boxes@4.0.1", "https://registry.npmmirror.com/cli-boxes/-/cli-boxes-4.0.1.tgz", {}, "sha512-5IOn+jcCEHEraYolBPs/sT4BxYCe2nHg374OPiItB1O96KZFseS2gthU4twyYzeDcFew4DaUM/xwc5BQf08JJw=="],

    "cli-cursor": ["cli-cursor@4.0.0", "https://registry.npmmirror.com/cli-cursor/-/cli-cursor-4.0.0.tgz", { "dependencies": { "restore-cursor": "^4.0.0" } }, "sha512-VGtlMu3x/4DOtIUwEkRezxUZ2lBacNJCHash0N0WeZDBS+7Ux1dm3XWAgWYxLJFMMdOeXMHXorshEFhbMSGelg=="],

    "cli-spinners": ["cli-spinners@3.4.0", "https://registry.npmmirror.com/cli-spinners/-/cli-spinners-3.4.0.tgz", {}, "sha512-bXfOC4QcT1tKXGorxL3wbJm6XJPDqEnij2gQ2m7ESQuE+/z9YFIWnl/5RpTiKWbMq3EVKR4fRLJGn6DVfu0mpw=="],

    "cli-truncate": ["cli-truncate@6.0.0", "https://registry.npmmirror.com/cli-truncate/-/cli-truncate-6.0.0.tgz", { "dependencies": { "slice-ansi": "^9.0.0", "string-width": "^8.2.0" } }, "sha512-3+YKIUFsohD9MIoOFPFBldjAlnfCmCDcqe6aYGFqlDTRKg80p4wg35L+j83QQ63iOlKRccEkbn8IuM++HsgEjA=="],

    "code-excerpt": ["code-excerpt@4.0.0", "https://registry.npmmirror.com/code-excerpt/-/code-excerpt-4.0.0.tgz", { "dependencies": { "convert-to-spaces": "^2.0.1" } }, "sha512-xxodCmBen3iy2i0WtAK8FlFNrRzjUqjRsMfho58xT/wvZU1YTM3fCnRjcy1gJPMepaRlgm/0e6w8SpWHpn3/cA=="],

    "convert-to-spaces": ["convert-to-spaces@2.0.1", "https://registry.npmmirror.com/convert-to-spaces/-/convert-to-spaces-2.0.1.tgz", {}, "sha512-rcQ1bsQO9799wq24uE5AM2tAILy4gXGIK/njFWcVQkGNZ96edlpY+A7bjwvzjYvLDyzmG1MmMLZhpcsb+klNMQ=="],

    "csstype": ["csstype@3.2.3", "https://registry.npmmirror.com/csstype/-/csstype-3.2.3.tgz", {}, "sha512-z1HGKcYy2xA8AGQfwrn0PAy+PB7X/GSj3UVJW9qKyn43xWa+gl5nXmU4qqLMRzWVLFC8KusUX8T/0kCiOYpAIQ=="],

    "deepmerge": ["deepmerge@4.3.1", "https://registry.npmmirror.com/deepmerge/-/deepmerge-4.3.1.tgz", {}, "sha512-3sUqbMEc77XqpdNO7FRyRog+eW3ph+GYCbj+rK+uYyRMuwsVy0rMiVtPn+QJlKFvWP/1PYpapqYn0Me2knFn+A=="],

    "emoji-regex": ["emoji-regex@10.6.0", "https://registry.npmmirror.com/emoji-regex/-/emoji-regex-10.6.0.tgz", {}, "sha512-toUI84YS5YmxW219erniWD0CIVOo46xGKColeNQRgOzDorgBi1v4D71/OFzgD9GO2UGKIv1C3Sp8DAn0+j5w7A=="],

    "environment": ["environment@1.1.0", "https://registry.npmmirror.com/environment/-/environment-1.1.0.tgz", {}, "sha512-xUtoPkMggbz0MPyPiIWr1Kp4aeWJjDZ6SMvURhimjdZgsRuDplF5/s9hcgGhyXMhs+6vpnuoiZ2kFiu3FMnS8Q=="],

    "es-toolkit": ["es-toolkit@1.47.1", "https://registry.npmmirror.com/es-toolkit/-/es-toolkit-1.47.1.tgz", {}, "sha512-5RAqEwf4P4E17p+W75KLOWw/nOvKZzSQpxM32IpI2KZLaVonjTrZ0Ai5ghMaVI9eKC2p8eoQgcBdkEDgzFk6+Q=="],

    "escape-string-regexp": ["escape-string-regexp@2.0.0", "https://registry.npmmirror.com/escape-string-regexp/-/escape-string-regexp-2.0.0.tgz", {}, "sha512-UpzcLCXolUWcNu5HtVMHYdXJjArjsF9C0aNnquZYY4uW/Vu0miy5YoWvbV345HauVvcAUnpRuhMMcqTcGOY2+w=="],

    "fast-sha256": ["fast-sha256@1.3.0", "https://registry.npmmirror.com/fast-sha256/-/fast-sha256-1.3.0.tgz", {}, "sha512-n11RGP/lrWEFI/bWdygLxhI+pVeo1ZYIVwvvPkW7azl/rOy+F3HYRZ2K5zeE9mmkhQppyv9sQFx0JM9UabnpPQ=="],

    "fast-string-truncated-width": ["fast-string-truncated-width@3.0.3", "https://registry.npmmirror.com/fast-string-truncated-width/-/fast-string-truncated-width-3.0.3.tgz", {}, "sha512-0jjjIEL6+0jag3l2XWWizO64/aZVtpiGE3t0Zgqxv0DPuxiMjvB3M24fCyhZUO4KomJQPj3LTSUnDP3GpdwC0g=="],

    "fast-string-width": ["fast-string-width@3.0.2", "https://registry.npmmirror.com/fast-string-width/-/fast-string-width-3.0.2.tgz", { "dependencies": { "fast-string-truncated-width": "^3.0.2" } }, "sha512-gX8LrtNEI5hq8DVUfRQMbr5lpaS4nMIWV+7XEbXk2b8kiQIizgnlr12B4dA3ZEx3308ze0O4Q1R+cHts8kyUJg=="],

    "fast-wrap-ansi": ["fast-wrap-ansi@0.2.2", "https://registry.npmmirror.com/fast-wrap-ansi/-/fast-wrap-ansi-0.2.2.tgz", { "dependencies": { "fast-string-width": "^3.0.2" } }, "sha512-7F2Fl+TjRSenLqlU3UjSH0iyqopqoZIu7eZVpEirP2g1GtWa2G/ecEmBdgz31+Mxr+ELclgg6sokpSFIQiZ02Q=="],

    "figures": ["figures@6.1.0", "https://registry.npmmirror.com/figures/-/figures-6.1.0.tgz", { "dependencies": { "is-unicode-supported": "^2.0.0" } }, "sha512-d+l3qxjSesT4V7v2fh+QnmFnUWv9lSpjarhShNTgBOfA0ttejbQUAlHLitbjkoRiDulW0OPoQPYIGhIC8ohejg=="],

    "get-east-asian-width": ["get-east-asian-width@1.6.0", "https://registry.npmmirror.com/get-east-asian-width/-/get-east-asian-width-1.6.0.tgz", {}, "sha512-QRbvDIbx6YklUe6RxeTeleMR0yv3cYH6PsPZHcnVn7xv7zO1BHN8r0XETu8n6Ye3Q+ahtSarc3WgtNWmehIBfA=="],

    "hono": ["hono@4.12.25", "https://registry.npmmirror.com/hono/-/hono-4.12.25.tgz", {}, "sha512-2NFaIyNVgJmBs/ecmtGzlmluTFs5cHEWGTdu0t1HBwYzoGXOL5nUQBRMXsXWla5i4KkG//QMzVP88m1+I3fdAQ=="],

    "indent-string": ["indent-string@5.0.0", "https://registry.npmmirror.com/indent-string/-/indent-string-5.0.0.tgz", {}, "sha512-m6FAo/spmsW2Ab2fU35JTYwtOKa2yAwXSwgjSv1TJzh4Mh7mC3lzAOVLBprb72XsTrgkEIsl7YrFNAiDiRhIGg=="],

    "ink": ["ink@7.0.6", "https://registry.npmmirror.com/ink/-/ink-7.0.6.tgz", { "dependencies": { "@alcalzone/ansi-tokenize": "^0.3.0", "ansi-escapes": "^7.3.0", "ansi-styles": "^6.2.3", "auto-bind": "^5.0.1", "chalk": "^5.6.2", "cli-boxes": "^4.0.1", "cli-cursor": "^4.0.0", "cli-truncate": "^6.0.0", "code-excerpt": "^4.0.0", "es-toolkit": "^1.45.1", "indent-string": "^5.0.0", "is-in-ci": "^2.0.0", "patch-console": "^2.0.0", "react-reconciler": "^0.33.0", "scheduler": "^0.27.0", "signal-exit": "^3.0.7", "slice-ansi": "^9.0.0", "stack-utils": "^2.0.6", "string-width": "^8.2.0", "terminal-size": "^4.0.1", "type-fest": "^5.5.0", "widest-line": "^6.0.0", "wrap-ansi": "^10.0.0", "ws": "^8.20.0", "yoga-layout": "~3.2.1" }, "peerDependencies": { "@types/react": ">=19.2.0", "react": ">=19.2.0", "react-devtools-core": ">=6.1.2" }, "optionalPeers": ["@types/react", "react-devtools-core"] }, "sha512-/KG651f+LHln9gumb5ltieFqzNGJdhX1b/WwsCUd2Py7Htuk9KUzyFrk25ugmzjXyDneXSoXD3cm4ql4dWFGsQ=="],

    "ink-select-input": ["ink-select-input@6.2.0", "https://registry.npmmirror.com/ink-select-input/-/ink-select-input-6.2.0.tgz", { "dependencies": { "figures": "^6.1.0", "to-rotated": "^1.0.0" }, "peerDependencies": { "ink": ">=5.0.0", "react": ">=18.0.0" } }, "sha512-304fZXxkpYxJ9si5lxRCaX01GNlmPBgOZumXXRnPYbHW/iI31cgQynqk2tRypGLOF1cMIwPUzL2LSm6q4I5rQQ=="],

    "ink-spinner": ["ink-spinner@5.0.0", "https://registry.npmmirror.com/ink-spinner/-/ink-spinner-5.0.0.tgz", { "dependencies": { "cli-spinners": "^2.7.0" }, "peerDependencies": { "ink": ">=4.0.0", "react": ">=18.0.0" } }, "sha512-EYEasbEjkqLGyPOUc8hBJZNuC5GvXGMLu0w5gdTNskPc7Izc5vO3tdQEYnzvshucyGCBXc86ig0ujXPMWaQCdA=="],

    "ink-text-input": ["ink-text-input@6.0.0", "https://registry.npmmirror.com/ink-text-input/-/ink-text-input-6.0.0.tgz", { "dependencies": { "chalk": "^5.3.0", "type-fest": "^4.18.2" }, "peerDependencies": { "ink": ">=5", "react": ">=18" } }, "sha512-Fw64n7Yha5deb1rHY137zHTAbSTNelUKuB5Kkk2HACXEtwIHBCf9OH2tP/LQ9fRYTl1F0dZgbW0zPnZk6FA9Lw=="],

    "is-fullwidth-code-point": ["is-fullwidth-code-point@5.1.0", "https://registry.npmmirror.com/is-fullwidth-code-point/-/is-fullwidth-code-point-5.1.0.tgz", { "dependencies": { "get-east-asian-width": "^1.3.1" } }, "sha512-5XHYaSyiqADb4RnZ1Bdad6cPp8Toise4TzEjcOYDHZkTCbKgiUl7WTUCpNWHuxmDt91wnsZBc9xinNzopv3JMQ=="],

    "is-in-ci": ["is-in-ci@2.0.0", "https://registry.npmmirror.com/is-in-ci/-/is-in-ci-2.0.0.tgz", { "bin": { "is-in-ci": "cli.js" } }, "sha512-cFeerHriAnhrQSbpAxL37W1wcJKUUX07HyLWZCW1URJT/ra3GyUTzBgUnh24TMVfNTV2Hij2HLxkPHFZfOZy5w=="],

    "is-interactive": ["is-interactive@2.0.0", "https://registry.npmmirror.com/is-interactive/-/is-interactive-2.0.0.tgz", {}, "sha512-qP1vozQRI+BMOPcjFzrjXuQvdak2pHNUMZoeG2eRbiSqyvbEf/wQtEOTOX1guk6E3t36RkaqiSt8A/6YElNxLQ=="],

    "is-unicode-supported": ["is-unicode-supported@2.1.0", "https://registry.npmmirror.com/is-unicode-supported/-/is-unicode-supported-2.1.0.tgz", {}, "sha512-mE00Gnza5EEB3Ds0HfMyllZzbBrmLOX3vfWoj9A9PEnTfratQ/BcaJOuMhnkhjXvb2+FkY3VuHqtAGpTPmglFQ=="],

    "json-schema-to-ts": ["json-schema-to-ts@3.1.1", "https://registry.npmmirror.com/json-schema-to-ts/-/json-schema-to-ts-3.1.1.tgz", { "dependencies": { "@babel/runtime": "^7.18.3", "ts-algebra": "^2.0.0" } }, "sha512-+DWg8jCJG2TEnpy7kOm/7/AxaYoaRbjVB4LFZLySZlWn8exGs3A4OLJR966cVvU26N7X9TWxl+Jsw7dzAqKT6g=="],

    "log-symbols": ["log-symbols@6.0.0", "https://registry.npmmirror.com/log-symbols/-/log-symbols-6.0.0.tgz", { "dependencies": { "chalk": "^5.3.0", "is-unicode-supported": "^1.3.0" } }, "sha512-i24m8rpwhmPIS4zscNzK6MSEhk0DUWa/8iYQWxhffV8jkI4Phvs3F+quL5xvS0gdQR0FyTCMMH33Y78dDTzzIw=="],

    "marked": ["marked@17.0.6", "https://registry.npmmirror.com/marked/-/marked-17.0.6.tgz", { "bin": { "marked": "bin/marked.js" } }, "sha512-gB0gkNafnonOw0obSTEGZTT86IuhILt2Wfx0mWH/1Au83kybTayroZ/V6nS25mN7u8ASy+5fMhgB3XPNrOZdmA=="],

    "mimic-fn": ["mimic-fn@2.1.0", "https://registry.npmmirror.com/mimic-fn/-/mimic-fn-2.1.0.tgz", {}, "sha512-OqbOk5oEQeAZ8WXWydlu9HJjz9WVdEIvamMCcXmuqUYjTknH/sqsWvhQ3vgwKFRR1HpjvNBKQ37nbJgYzGqGcg=="],

    "mimic-function": ["mimic-function@5.0.1", "https://registry.npmmirror.com/mimic-function/-/mimic-function-5.0.1.tgz", {}, "sha512-VP79XUPxV2CigYP3jWwAUFSku2aKqBH7uTAapFWCBqutsbmDo96KY5o8uh6U+/YSIn5OxJnXp73beVkpqMIGhA=="],

    "onetime": ["onetime@5.1.2", "https://registry.npmmirror.com/onetime/-/onetime-5.1.2.tgz", { "dependencies": { "mimic-fn": "^2.1.0" } }, "sha512-kbpaSSGJTWdAY5KPVeMOKXSrPtr8C8C7wodJbcsd51jRnmD+GZu8Y0VoU6Dm5Z4vWr0Ig/1NKuWRKf7j5aaYSg=="],

    "ora": ["ora@8.2.0", "https://registry.npmmirror.com/ora/-/ora-8.2.0.tgz", { "dependencies": { "chalk": "^5.3.0", "cli-cursor": "^5.0.0", "cli-spinners": "^2.9.2", "is-interactive": "^2.0.0", "is-unicode-supported": "^2.0.0", "log-symbols": "^6.0.0", "stdin-discarder": "^0.2.2", "string-width": "^7.2.0", "strip-ansi": "^7.1.0" } }, "sha512-weP+BZ8MVNnlCm8c0Qdc1WSWq4Qn7I+9CJGm7Qali6g44e/PUzbjNqJX5NJ9ljlNMosfJvg1fKEGILklK9cwnw=="],

    "patch-console": ["patch-console@2.0.0", "https://registry.npmmirror.com/patch-console/-/patch-console-2.0.0.tgz", {}, "sha512-0YNdUceMdaQwoKce1gatDScmMo5pu/tfABfnzEqeG0gtTmd7mh/WcwgUjtAeOU7N8nFFlbQBnFK2gXW5fGvmMA=="],

    "react": ["react@19.2.7", "https://registry.npmmirror.com/react/-/react-19.2.7.tgz", {}, "sha512-HNe9WslTbXmFK8o8cmwgAeJFSBvt1bPdHCVKtaaV+WlAN36mpT4hcRpwbf3fY56ar2oIXzsBpOAiIRHAdY0OlQ=="],

    "react-ink-textarea": ["react-ink-textarea@0.2.2", "", { "dependencies": { "ansi-styles": "^6.2.3", "string-width": "^8.2.1" }, "peerDependencies": { "ink": "^7.0.0", "react": "^18.0.0 || ^19.0.0" } }, "sha512-6ysUOfCmG8yDwq/YuNK5esZ/azrO358FleNrUjJL4BWWDbzRWYR9Dh5r+w4b5W4eN80VjPp2uXqSnr9qZx/hYw=="],

    "react-reconciler": ["react-reconciler@0.33.0", "https://registry.npmmirror.com/react-reconciler/-/react-reconciler-0.33.0.tgz", { "dependencies": { "scheduler": "^0.27.0" }, "peerDependencies": { "react": "^19.2.0" } }, "sha512-KetWRytFv1epdpJc3J4G75I4WrplZE5jOL7Yq0p34+OVOKF4Se7WrdIdVC45XsSSmUTlht2FM/fM1FZb1mfQeA=="],

    "restore-cursor": ["restore-cursor@4.0.0", "https://registry.npmmirror.com/restore-cursor/-/restore-cursor-4.0.0.tgz", { "dependencies": { "onetime": "^5.1.0", "signal-exit": "^3.0.2" } }, "sha512-I9fPXU9geO9bHOt9pHHOhOkYerIMsmVaWB0rA2AI9ERh/+x/i7MV5HKBNrg+ljO5eoPVgCcnFuRjJ9uH6I/3eg=="],

    "scheduler": ["scheduler@0.27.0", "https://registry.npmmirror.com/scheduler/-/scheduler-0.27.0.tgz", {}, "sha512-eNv+WrVbKu1f3vbYJT/xtiF5syA5HPIMtf9IgY/nKg0sWqzAUEvqY/xm7OcZc/qafLx/iO9FgOmeSAp4v5ti/Q=="],

    "signal-exit": ["signal-exit@3.0.7", "https://registry.npmmirror.com/signal-exit/-/signal-exit-3.0.7.tgz", {}, "sha512-wnD2ZE+l+SPC/uoS0vXeE9L1+0wuaMqKlfz9AMUo38JsyLSBWSFcHR1Rri62LZc12vLr1gb3jl7iwQhgwpAbGQ=="],

    "sisteransi": ["sisteransi@1.0.5", "https://registry.npmmirror.com/sisteransi/-/sisteransi-1.0.5.tgz", {}, "sha512-bLGGlR1QxBcynn2d5YmDX4MGjlZvy2MRBDRNHLJ8VI6l6+9FUiyTFNJ0IveOSP0bcXgVDPRcfGqA0pjaqUpfVg=="],

    "slice-ansi": ["slice-ansi@9.0.0", "https://registry.npmmirror.com/slice-ansi/-/slice-ansi-9.0.0.tgz", { "dependencies": { "ansi-styles": "^6.2.3", "is-fullwidth-code-point": "^5.1.0" } }, "sha512-SO/3iYL5S3W57LLEniscOGPZgOqZUPCx6d3dB+52B80yJ0XstzsC/eV8gnA4tM3MHDrKz+OCFSLNjswdSC+/bA=="],

    "stack-utils": ["stack-utils@2.0.6", "https://registry.npmmirror.com/stack-utils/-/stack-utils-2.0.6.tgz", { "dependencies": { "escape-string-regexp": "^2.0.0" } }, "sha512-XlkWvfIm6RmsWtNJx+uqtKLS8eqFbxUg0ZzLXqY0caEy9l7hruX8IpiDnjsLavoBgqCCR71TqWO8MaXYheJ3RQ=="],

    "standardwebhooks": ["standardwebhooks@1.0.0", "https://registry.npmmirror.com/standardwebhooks/-/standardwebhooks-1.0.0.tgz", { "dependencies": { "@stablelib/base64": "^1.0.0", "fast-sha256": "^1.3.0" } }, "sha512-BbHGOQK9olHPMvQNHWul6MYlrRTAOKn03rOe4A8O3CLWhNf4YHBqq2HJKKC+sfqpxiBY52pNeesD6jIiLDz8jg=="],

    "stdin-discarder": ["stdin-discarder@0.2.2", "https://registry.npmmirror.com/stdin-discarder/-/stdin-discarder-0.2.2.tgz", {}, "sha512-UhDfHmA92YAlNnCfhmq0VeNL5bDbiZGg7sZ2IvPsXubGkiNa9EC+tUTsjBRsYUAz87btI6/1wf4XoVvQ3uRnmQ=="],

    "string-width": ["string-width@8.2.1", "https://registry.npmmirror.com/string-width/-/string-width-8.2.1.tgz", { "dependencies": { "get-east-asian-width": "^1.5.0", "strip-ansi": "^7.1.2" } }, "sha512-IIaP0g3iy9Cyy18w3M9YcaDudujEAVHKt3a3QJg1+sr/oX96TbaGUubG0hJyCjCBThFH+tFpcIyoUHUn1ogaLA=="],

    "strip-ansi": ["strip-ansi@7.2.0", "https://registry.npmmirror.com/strip-ansi/-/strip-ansi-7.2.0.tgz", { "dependencies": { "ansi-regex": "^6.2.2" } }, "sha512-yDPMNjp4WyfYBkHnjIRLfca1i6KMyGCtsVgoKe/z1+6vukgaENdgGBZt+ZmKPc4gavvEZ5OgHfHdrazhgNyG7w=="],

    "tagged-tag": ["tagged-tag@1.0.0", "https://registry.npmmirror.com/tagged-tag/-/tagged-tag-1.0.0.tgz", {}, "sha512-yEFYrVhod+hdNyx7g5Bnkkb0G6si8HJurOoOEgC8B/O0uXLHlaey/65KRv6cuWBNhBgHKAROVpc7QyYqE5gFng=="],

    "terminal-size": ["terminal-size@4.0.1", "https://registry.npmmirror.com/terminal-size/-/terminal-size-4.0.1.tgz", {}, "sha512-avMLDQpUI9I5XFrklECw1ZEUPJhqzcwSWsyyI8blhRLT+8N1jLJWLWWYQpB2q2xthq8xDvjZPISVh53T/+CLYQ=="],

    "to-rotated": ["to-rotated@1.0.0", "https://registry.npmmirror.com/to-rotated/-/to-rotated-1.0.0.tgz", {}, "sha512-KsEID8AfgUy+pxVRLsWp0VzCa69wxzUDZnzGbyIST/bcgcrMvTYoFBX/QORH4YApoD89EDuUovx4BTdpOn319Q=="],

    "ts-algebra": ["ts-algebra@2.0.0", "https://registry.npmmirror.com/ts-algebra/-/ts-algebra-2.0.0.tgz", {}, "sha512-FPAhNPFMrkwz76P7cdjdmiShwMynZYN6SgOujD1urY4oNm80Ou9oMdmbR45LotcKOXoy7wSmHkRFE6Mxbrhefw=="],

    "type-fest": ["type-fest@5.7.0", "https://registry.npmmirror.com/type-fest/-/type-fest-5.7.0.tgz", { "dependencies": { "tagged-tag": "^1.0.0" } }, "sha512-1URUxUqfHFM1c+zfSPsa3gnkO7Aq21qyH75SIduNYz4SzY964rn1X2vCMQaHSHhktiw+0kPa2iyb6PUpXqB6Vg=="],

    "typescript": ["typescript@6.0.3", "https://registry.npmmirror.com/typescript/-/typescript-6.0.3.tgz", { "bin": { "tsc": "bin/tsc", "tsserver": "bin/tsserver" } }, "sha512-y2TvuxSZPDyQakkFRPZHKFm+KKVqIisdg9/CZwm9ftvKXLP8NRWj38/ODjNbr43SsoXqNuAisEf1GdCxqWcdBw=="],

    "undici": ["undici@6.28.0", "", {}, "sha512-LIY910g9TI13YS95lrMFrs8Rm/u/irgHeTWoKCoteeJ04CUJ92eEfj0rVn+7VKMPBpUPiUoBKfhNyLI23EE/KA=="],

    "undici-types": ["undici-types@7.24.6", "https://registry.npmmirror.com/undici-types/-/undici-types-7.24.6.tgz", {}, "sha512-WRNW+sJgj5OBN4/0JpHFqtqzhpbnV0GuB+OozA9gCL7a993SmU+1JBZCzLNxYsbMfIeDL+lTsphD5jN5N+n0zg=="],

    "widest-line": ["widest-line@6.0.0", "https://registry.npmmirror.com/widest-line/-/widest-line-6.0.0.tgz", { "dependencies": { "string-width": "^8.1.0" } }, "sha512-U89AsyEeAsyoF0zVJBkG9zBgekjgjK7yk9sje3F4IQpXBJ10TF6ByLlIfjMhcmHMJgHZI4KHt4rdNfktzxIAMA=="],

    "wrap-ansi": ["wrap-ansi@10.0.0", "https://registry.npmmirror.com/wrap-ansi/-/wrap-ansi-10.0.0.tgz", { "dependencies": { "ansi-styles": "^6.2.3", "string-width": "^8.2.0", "strip-ansi": "^7.1.2" } }, "sha512-SGcvg80f0wUy2/fXES19feHMz8E0JoXv2uNgHOu4Dgi2OrCy1lqwFYEJz1BLbDI0exjPMe/ZdzZ/YpGECBG/aQ=="],

    "ws": ["ws@8.21.0", "https://registry.npmmirror.com/ws/-/ws-8.21.0.tgz", { "peerDependencies": { "bufferutil": "^4.0.1", "utf-8-validate": ">=5.0.2" }, "optionalPeers": ["bufferutil", "utf-8-validate"] }, "sha512-Vsp28b7DRcimFQvrqu2Wek3z1iYxDCWqHYB8Qsnk/S4RfaCQzPGPyBNuVjJV3cd6UiKtUtp6sNM77gWvzcCH+g=="],

    "yoga-layout": ["yoga-layout@3.2.1", "https://registry.npmmirror.com/yoga-layout/-/yoga-layout-3.2.1.tgz", {}, "sha512-0LPOt3AxKqMdFBZA3HBAt/t/8vIKq7VaQYbuA8WxCgung+p9TVyKRYdpvCb80HcdTN2NkbIKbhNwKUfm3tQywQ=="],

    "zod": ["zod@4.4.3", "https://registry.npmmirror.com/zod/-/zod-4.4.3.tgz", {}, "sha512-ytENFjIJFl2UwYglde2jchW2Hwm4GJFLDiSXWdTrJQBIN9Fcyp7n4DhxJEiWNAJMV1/BqWfW/kkg71UDcHJyTQ=="],

    "ink-spinner/cli-spinners": ["cli-spinners@2.9.2", "https://registry.npmmirror.com/cli-spinners/-/cli-spinners-2.9.2.tgz", {}, "sha512-ywqV+5MmyL4E7ybXgKys4DugZbX0FC6LnwrhjuykIjnK9k8OQacQ7axGKnjDXWNhns0xot3bZI5h55H8yo9cJg=="],

    "ink-text-input/type-fest": ["type-fest@4.41.0", "https://registry.npmmirror.com/type-fest/-/type-fest-4.41.0.tgz", {}, "sha512-TeTSQ6H5YHvpqVwBRcnLDCBnDOHWYu7IvGbHT6N8AOymcr9PJGjc1GTtiWZTYg0NCgYwvnYWEkVChQAr9bjfwA=="],

    "log-symbols/is-unicode-supported": ["is-unicode-supported@1.3.0", "https://registry.npmmirror.com/is-unicode-supported/-/is-unicode-supported-1.3.0.tgz", {}, "sha512-43r2mRvz+8JRIKnWJ+3j8JtjRKZ6GmjzfaE/qiBJnikNnYv/6bagRJ1kUhNk8R5EX/GkobD+r+sfxCPJsiKBLQ=="],

    "ora/cli-cursor": ["cli-cursor@5.0.0", "https://registry.npmmirror.com/cli-cursor/-/cli-cursor-5.0.0.tgz", { "dependencies": { "restore-cursor": "^5.0.0" } }, "sha512-aCj4O5wKyszjMmDT4tZj93kxyydN/K5zPWSCe6/0AV/AA1pqe5ZBIw0a2ZfPQV7lL5/yb5HsUreJ6UFAF1tEQw=="],

    "ora/cli-spinners": ["cli-spinners@2.9.2", "https://registry.npmmirror.com/cli-spinners/-/cli-spinners-2.9.2.tgz", {}, "sha512-ywqV+5MmyL4E7ybXgKys4DugZbX0FC6LnwrhjuykIjnK9k8OQacQ7axGKnjDXWNhns0xot3bZI5h55H8yo9cJg=="],

    "ora/string-width": ["string-width@7.2.0", "https://registry.npmmirror.com/string-width/-/string-width-7.2.0.tgz", { "dependencies": { "emoji-regex": "^10.3.0", "get-east-asian-width": "^1.0.0", "strip-ansi": "^7.1.0" } }, "sha512-tsaTIkKW9b4N+AEj+SVA+WhJzV7/zMhcSu78mLKWSk7cXMOSHsBKFWUs0fWwq8QyK3MgJBQRX6Gbi4kYbdvGkQ=="],

    "ora/cli-cursor/restore-cursor": ["restore-cursor@5.1.0", "https://registry.npmmirror.com/restore-cursor/-/restore-cursor-5.1.0.tgz", { "dependencies": { "onetime": "^7.0.0", "signal-exit": "^4.1.0" } }, "sha512-oMA2dcrw6u0YfxJQXm342bFKX/E4sG9rbTzO9ptUcR/e8A33cHuvStiYOwH7fszkZlZ1z/ta9AAoPk2F4qIOHA=="],

    "ora/cli-cursor/restore-cursor/onetime": ["onetime@7.0.0", "https://registry.npmmirror.com/onetime/-/onetime-7.0.0.tgz", { "dependencies": { "mimic-function": "^5.0.0" } }, "sha512-VXJjc87FScF88uafS3JllDgvAm+c/Slfz06lorj2uAY34rlUu0Nt+v8wreiImcrgAjjIHp1rXpTDlLOGw29WwQ=="],

    "ora/cli-cursor/restore-cursor/signal-exit": ["signal-exit@4.1.0", "https://registry.npmmirror.com/signal-exit/-/signal-exit-4.1.0.tgz", {}, "sha512-bzyZ1e88w9O1iNJbKnOlvYTrWPDl46O1bG0D3XInv+9tkPrxrN8jUUTiFlDkkmKWgn1M6CfIA13SuGqOa9Korw=="],
  }
}
